
Microsoft Visual Studio Solution File, Format Version 12.00
# Visual Studio Version 17
VisualStudioVersion = 17.9.34723.18
MinimumVisualStudioVersion = 10.0.40219.1
Project("{FAE04EC0-301F-11D3-BF4B-00C04F79EFBC}") = "ImageCarousel.API", "ImageCarousel.API\ImageCarousel.API.csproj", "{1591D91F-6CEB-45BD-9604-BACA4A8FDB70}"
EndProject
Global
	GlobalSection(SolutionConfigurationPlatforms) = preSolution
		Debug|Any CPU = Debug|Any CPU
		Release|Any CPU = Release|Any CPU
	EndGlobalSection
	GlobalSection(ProjectConfigurationPlatforms) = postSolution
		{1591D91F-6CEB-45BD-9604-BACA4A8FDB70}.Debug|Any CPU.ActiveCfg = Debug|Any CPU
		{1591D91F-6CEB-45BD-9604-BACA4A8FDB70}.Debug|Any CPU.Build.0 = Debug|Any CPU
		{1591D91F-6CEB-45BD-9604-BACA4A8FDB70}.Release|Any CPU.ActiveCfg = Release|Any CPU
		{1591D91F-6CEB-45BD-9604-BACA4A8FDB70}.Release|Any CPU.Build.0 = Release|Any CPU
	EndGlobalSection
	GlobalSection(SolutionProperties) = preSolution
		HideSolutionNode = FALSE
	EndGlobalSection
	GlobalSection(ExtensibilityGlobals) = postSolution
		SolutionGuid = {CFF0C5A8-3078-4CEC-83FD-FC4ECD81E655}
	EndGlobalSection
EndGlobal
